
Microsoft Visual Studio Solution File, Format Version 12.00
# Visual Studio Version 17
VisualStudioVersion = 17.10.35013.160
MinimumVisualStudioVersion = 10.0.40219.1
Project("{9A19103F-16F7-4668-BE54-9A1E7A4F7556}") = "cadastro-clientes", "cadastro-clientes\cadastro-clientes.csproj", "{A3171D98-162C-47E4-84F2-FE83A34494B5}"
EndProject
Project("{2150E333-8FDC-42A3-9474-1A3956D46DE8}") = "Itens de Solução", "Itens de Solução", "{36C9CACF-F2A6-4FA2-B32E-FA7CD93ECC57}"
EndProject
Global
	GlobalSection(SolutionConfigurationPlatforms) = preSolution
		Debug|Any CPU = Debug|Any CPU
		Release|Any CPU = Release|Any CPU
	EndGlobalSection
	GlobalSection(ProjectConfigurationPlatforms) = postSolution
		{A3171D98-162C-47E4-84F2-FE83A34494B5}.Debug|Any CPU.ActiveCfg = Debug|Any CPU
		{A3171D98-162C-47E4-84F2-FE83A34494B5}.Debug|Any CPU.Build.0 = Debug|Any CPU
		{A3171D98-162C-47E4-84F2-FE83A34494B5}.Release|Any CPU.ActiveCfg = Release|Any CPU
		{A3171D98-162C-47E4-84F2-FE83A34494B5}.Release|Any CPU.Build.0 = Release|Any CPU
	EndGlobalSection
	GlobalSection(SolutionProperties) = preSolution
		HideSolutionNode = FALSE
	EndGlobalSection
	GlobalSection(ExtensibilityGlobals) = postSolution
		SolutionGuid = {57471FC9-AF07-4E0D-B7E5-82E937E3DF06}
	EndGlobalSection
EndGlobal
